
Microsoft Visual Studio Solution File, Format Version 12.00
# Visual Studio Version 16
VisualStudioVersion = 16.0.32228.343
MinimumVisualStudioVersion = 10.0.40219.1
Project("{FAE04EC0-301F-11D3-BF4B-00C04F79EFBC}") = "Entidades", "Entidades.csproj", "{29D334A2-5CFE-495B-9333-EE26578AC366}"
EndProject
Project("{FAE04EC0-301F-11D3-BF4B-00C04F79EFBC}") = "MiCalculadora", "..\MiCalculadora\MiCalculadora.csproj", "{B935C5E9-BDEF-4F3D-AD51-EDF9A9492C7B}"
EndProject
Global
	GlobalSection(SolutionConfigurationPlatforms) = preSolution
		Debug|Any CPU = Debug|Any CPU
		Release|Any CPU = Release|Any CPU
	EndGlobalSection
	GlobalSection(ProjectConfigurationPlatforms) = postSolution
		{29D334A2-5CFE-495B-9333-EE26578AC366}.Debug|Any CPU.ActiveCfg = Debug|Any CPU
		{29D334A2-5CFE-495B-9333-EE26578AC366}.Debug|Any CPU.Build.0 = Debug|Any CPU
		{29D334A2-5CFE-495B-9333-EE26578AC366}.Release|Any CPU.ActiveCfg = Release|Any CPU
		{29D334A2-5CFE-495B-9333-EE26578AC366}.Release|Any CPU.Build.0 = Release|Any CPU
		{B935C5E9-BDEF-4F3D-AD51-EDF9A9492C7B}.Debug|Any CPU.ActiveCfg = Debug|Any CPU
		{B935C5E9-BDEF-4F3D-AD51-EDF9A9492C7B}.Debug|Any CPU.Build.0 = Debug|Any CPU
		{B935C5E9-BDEF-4F3D-AD51-EDF9A9492C7B}.Release|Any CPU.ActiveCfg = Release|Any CPU
		{B935C5E9-BDEF-4F3D-AD51-EDF9A9492C7B}.Release|Any CPU.Build.0 = Release|Any CPU
	EndGlobalSection
	GlobalSection(SolutionProperties) = preSolution
		HideSolutionNode = FALSE
	EndGlobalSection
	GlobalSection(ExtensibilityGlobals) = postSolution
		SolutionGuid = {D399C290-463C-45E0-8AA4-88698F31E449}
	EndGlobalSection
EndGlobal
